
Microsoft Visual Studio Solution File, Format Version 12.00
# Visual Studio Version 17
VisualStudioVersion = 17.6.33829.357
MinimumVisualStudioVersion = 10.0.40219.1
Project("{FAE04EC0-301F-11D3-BF4B-00C04F79EFBC}") = "tree-fizz-buzz", "tree-fizz-buzz\tree-fizz-buzz.csproj", "{09895948-223E-4F5A-8DBE-1B50CC3D35EC}"
EndProject
Project("{FAE04EC0-301F-11D3-BF4B-00C04F79EFBC}") = "TreeFizzBuzzTests", "TreeFizzBuzzTests\TreeFizzBuzzTests.csproj", "{DD125879-EF42-4B36-885C-DCED8A660B38}"
EndProject
Global
	GlobalSection(SolutionConfigurationPlatforms) = preSolution
		Debug|Any CPU = Debug|Any CPU
		Release|Any CPU = Release|Any CPU
	EndGlobalSection
	GlobalSection(ProjectConfigurationPlatforms) = postSolution
		{09895948-223E-4F5A-8DBE-1B50CC3D35EC}.Debug|Any CPU.ActiveCfg = Debug|Any CPU
		{09895948-223E-4F5A-8DBE-1B50CC3D35EC}.Debug|Any CPU.Build.0 = Debug|Any CPU
		{09895948-223E-4F5A-8DBE-1B50CC3D35EC}.Release|Any CPU.ActiveCfg = Release|Any CPU
		{09895948-223E-4F5A-8DBE-1B50CC3D35EC}.Release|Any CPU.Build.0 = Release|Any CPU
		{DD125879-EF42-4B36-885C-DCED8A660B38}.Debug|Any CPU.ActiveCfg = Debug|Any CPU
		{DD125879-EF42-4B36-885C-DCED8A660B38}.Debug|Any CPU.Build.0 = Debug|Any CPU
		{DD125879-EF42-4B36-885C-DCED8A660B38}.Release|Any CPU.ActiveCfg = Release|Any CPU
		{DD125879-EF42-4B36-885C-DCED8A660B38}.Release|Any CPU.Build.0 = Release|Any CPU
	EndGlobalSection
	GlobalSection(SolutionProperties) = preSolution
		HideSolutionNode = FALSE
	EndGlobalSection
	GlobalSection(ExtensibilityGlobals) = postSolution
		SolutionGuid = {C3D279B7-42D9-4414-8802-90FE3E6C478F}
	EndGlobalSection
EndGlobal
