
Microsoft Visual Studio Solution File, Format Version 12.00
# Visual Studio Version 17
VisualStudioVersion = 17.7.34031.279
MinimumVisualStudioVersion = 10.0.40219.1
Project("{FAE04EC0-301F-11D3-BF4B-00C04F79EFBC}") = "Graph", "Graph\Graph.csproj", "{1B0699D2-D02F-4CE3-B029-649379335A7D}"
EndProject
Project("{FAE04EC0-301F-11D3-BF4B-00C04F79EFBC}") = "GraphTests", "GraphTests\GraphTests.csproj", "{15E30EEA-4AE9-4EA8-A6A6-438515099CBE}"
EndProject
Global
	GlobalSection(SolutionConfigurationPlatforms) = preSolution
		Debug|Any CPU = Debug|Any CPU
		Release|Any CPU = Release|Any CPU
	EndGlobalSection
	GlobalSection(ProjectConfigurationPlatforms) = postSolution
		{1B0699D2-D02F-4CE3-B029-649379335A7D}.Debug|Any CPU.ActiveCfg = Debug|Any CPU
		{1B0699D2-D02F-4CE3-B029-649379335A7D}.Debug|Any CPU.Build.0 = Debug|Any CPU
		{1B0699D2-D02F-4CE3-B029-649379335A7D}.Release|Any CPU.ActiveCfg = Release|Any CPU
		{1B0699D2-D02F-4CE3-B029-649379335A7D}.Release|Any CPU.Build.0 = Release|Any CPU
		{15E30EEA-4AE9-4EA8-A6A6-438515099CBE}.Debug|Any CPU.ActiveCfg = Debug|Any CPU
		{15E30EEA-4AE9-4EA8-A6A6-438515099CBE}.Debug|Any CPU.Build.0 = Debug|Any CPU
		{15E30EEA-4AE9-4EA8-A6A6-438515099CBE}.Release|Any CPU.ActiveCfg = Release|Any CPU
		{15E30EEA-4AE9-4EA8-A6A6-438515099CBE}.Release|Any CPU.Build.0 = Release|Any CPU
	EndGlobalSection
	GlobalSection(SolutionProperties) = preSolution
		HideSolutionNode = FALSE
	EndGlobalSection
	GlobalSection(ExtensibilityGlobals) = postSolution
		SolutionGuid = {B307DA92-ED5A-4196-BD6E-9992A10C534C}
	EndGlobalSection
EndGlobal
