
Microsoft Visual Studio Solution File, Format Version 12.00
# Visual Studio Version 17
VisualStudioVersion = 17.6.33801.468
MinimumVisualStudioVersion = 10.0.40219.1
Project("{9A19103F-16F7-4668-BE54-9A1E7A4F7556}") = "LinkedList06", "LinkedList06\LinkedList06.csproj", "{9285B6E5-C510-43A9-B2B4-BC30CC049D42}"
EndProject
Project("{FAE04EC0-301F-11D3-BF4B-00C04F79EFBC}") = "LinkedList06Test", "LinkedList06Test\LinkedList06Test.csproj", "{F082AB9C-D37D-4CB2-A3E1-D5150410D6E4}"
EndProject
Global
	GlobalSection(SolutionConfigurationPlatforms) = preSolution
		Debug|Any CPU = Debug|Any CPU
		Release|Any CPU = Release|Any CPU
	EndGlobalSection
	GlobalSection(ProjectConfigurationPlatforms) = postSolution
		{9285B6E5-C510-43A9-B2B4-BC30CC049D42}.Debug|Any CPU.ActiveCfg = Debug|Any CPU
		{9285B6E5-C510-43A9-B2B4-BC30CC049D42}.Debug|Any CPU.Build.0 = Debug|Any CPU
		{9285B6E5-C510-43A9-B2B4-BC30CC049D42}.Release|Any CPU.ActiveCfg = Release|Any CPU
		{9285B6E5-C510-43A9-B2B4-BC30CC049D42}.Release|Any CPU.Build.0 = Release|Any CPU
		{F082AB9C-D37D-4CB2-A3E1-D5150410D6E4}.Debug|Any CPU.ActiveCfg = Debug|Any CPU
		{F082AB9C-D37D-4CB2-A3E1-D5150410D6E4}.Debug|Any CPU.Build.0 = Debug|Any CPU
		{F082AB9C-D37D-4CB2-A3E1-D5150410D6E4}.Release|Any CPU.ActiveCfg = Release|Any CPU
		{F082AB9C-D37D-4CB2-A3E1-D5150410D6E4}.Release|Any CPU.Build.0 = Release|Any CPU
	EndGlobalSection
	GlobalSection(SolutionProperties) = preSolution
		HideSolutionNode = FALSE
	EndGlobalSection
	GlobalSection(ExtensibilityGlobals) = postSolution
		SolutionGuid = {C4D0B1B7-6A8A-40B9-925F-B16FAFEA6A83}
	EndGlobalSection
EndGlobal
