
Microsoft Visual Studio Solution File, Format Version 12.00
# Visual Studio Version 17
VisualStudioVersion = 17.6.33801.468
MinimumVisualStudioVersion = 10.0.40219.1
Project("{FAE04EC0-301F-11D3-BF4B-00C04F79EFBC}") = "linked-list-zip", "linked-list-zip\linked-list-zip.csproj", "{9D57AADB-A413-4491-A814-F88DD15A6682}"
EndProject
Project("{FAE04EC0-301F-11D3-BF4B-00C04F79EFBC}") = "linked_list_zipTest", "linked_list_zipTest\linked_list_zipTest.csproj", "{EC36EE28-6ACA-47DF-BC10-350CA756271F}"
EndProject
Global
	GlobalSection(SolutionConfigurationPlatforms) = preSolution
		Debug|Any CPU = Debug|Any CPU
		Release|Any CPU = Release|Any CPU
	EndGlobalSection
	GlobalSection(ProjectConfigurationPlatforms) = postSolution
		{9D57AADB-A413-4491-A814-F88DD15A6682}.Debug|Any CPU.ActiveCfg = Debug|Any CPU
		{9D57AADB-A413-4491-A814-F88DD15A6682}.Debug|Any CPU.Build.0 = Debug|Any CPU
		{9D57AADB-A413-4491-A814-F88DD15A6682}.Release|Any CPU.ActiveCfg = Release|Any CPU
		{9D57AADB-A413-4491-A814-F88DD15A6682}.Release|Any CPU.Build.0 = Release|Any CPU
		{EC36EE28-6ACA-47DF-BC10-350CA756271F}.Debug|Any CPU.ActiveCfg = Debug|Any CPU
		{EC36EE28-6ACA-47DF-BC10-350CA756271F}.Debug|Any CPU.Build.0 = Debug|Any CPU
		{EC36EE28-6ACA-47DF-BC10-350CA756271F}.Release|Any CPU.ActiveCfg = Release|Any CPU
		{EC36EE28-6ACA-47DF-BC10-350CA756271F}.Release|Any CPU.Build.0 = Release|Any CPU
	EndGlobalSection
	GlobalSection(SolutionProperties) = preSolution
		HideSolutionNode = FALSE
	EndGlobalSection
	GlobalSection(ExtensibilityGlobals) = postSolution
		SolutionGuid = {52690397-1867-453B-AE00-2C6A21F7525C}
	EndGlobalSection
EndGlobal
