
Microsoft Visual Studio Solution File, Format Version 12.00
# Visual Studio Version 17
VisualStudioVersion = 17.6.33829.357
MinimumVisualStudioVersion = 10.0.40219.1
Project("{FAE04EC0-301F-11D3-BF4B-00C04F79EFBC}") = "stack-queue-animal-shelter", "stack-queue-animal-shelter\stack-queue-animal-shelter.csproj", "{3474B76A-28A5-4AE7-8300-1291F34AB28E}"
EndProject
Project("{FAE04EC0-301F-11D3-BF4B-00C04F79EFBC}") = "stack-queue-animal-shelterTests", "stack-queue-animal-shelterTests\stack-queue-animal-shelterTests.csproj", "{207CFDAE-79FB-490E-A377-DC3F59E34C1A}"
EndProject
Global
	GlobalSection(SolutionConfigurationPlatforms) = preSolution
		Debug|Any CPU = Debug|Any CPU
		Release|Any CPU = Release|Any CPU
	EndGlobalSection
	GlobalSection(ProjectConfigurationPlatforms) = postSolution
		{3474B76A-28A5-4AE7-8300-1291F34AB28E}.Debug|Any CPU.ActiveCfg = Debug|Any CPU
		{3474B76A-28A5-4AE7-8300-1291F34AB28E}.Debug|Any CPU.Build.0 = Debug|Any CPU
		{3474B76A-28A5-4AE7-8300-1291F34AB28E}.Release|Any CPU.ActiveCfg = Release|Any CPU
		{3474B76A-28A5-4AE7-8300-1291F34AB28E}.Release|Any CPU.Build.0 = Release|Any CPU
		{207CFDAE-79FB-490E-A377-DC3F59E34C1A}.Debug|Any CPU.ActiveCfg = Debug|Any CPU
		{207CFDAE-79FB-490E-A377-DC3F59E34C1A}.Debug|Any CPU.Build.0 = Debug|Any CPU
		{207CFDAE-79FB-490E-A377-DC3F59E34C1A}.Release|Any CPU.ActiveCfg = Release|Any CPU
		{207CFDAE-79FB-490E-A377-DC3F59E34C1A}.Release|Any CPU.Build.0 = Release|Any CPU
	EndGlobalSection
	GlobalSection(SolutionProperties) = preSolution
		HideSolutionNode = FALSE
	EndGlobalSection
	GlobalSection(ExtensibilityGlobals) = postSolution
		SolutionGuid = {5E8ADB91-C474-4617-A98D-F5E8429F32D7}
	EndGlobalSection
EndGlobal
