
Microsoft Visual Studio Solution File, Format Version 12.00
# Visual Studio Version 17
VisualStudioVersion = 17.6.33829.357
MinimumVisualStudioVersion = 10.0.40219.1
Project("{FAE04EC0-301F-11D3-BF4B-00C04F79EFBC}") = "Stack&Queue", "Stack&Queue\Stack&Queue.csproj", "{71058A13-0F99-4799-91E0-5332E38DCBDA}"
EndProject
Project("{FAE04EC0-301F-11D3-BF4B-00C04F79EFBC}") = "Stack&QueueTests", "Stack&QueueTests\Stack&QueueTests.csproj", "{8D746CF9-2158-4B73-9E20-06B3582EDDB5}"
EndProject
Global
	GlobalSection(SolutionConfigurationPlatforms) = preSolution
		Debug|Any CPU = Debug|Any CPU
		Release|Any CPU = Release|Any CPU
	EndGlobalSection
	GlobalSection(ProjectConfigurationPlatforms) = postSolution
		{71058A13-0F99-4799-91E0-5332E38DCBDA}.Debug|Any CPU.ActiveCfg = Debug|Any CPU
		{71058A13-0F99-4799-91E0-5332E38DCBDA}.Debug|Any CPU.Build.0 = Debug|Any CPU
		{71058A13-0F99-4799-91E0-5332E38DCBDA}.Release|Any CPU.ActiveCfg = Release|Any CPU
		{71058A13-0F99-4799-91E0-5332E38DCBDA}.Release|Any CPU.Build.0 = Release|Any CPU
		{8D746CF9-2158-4B73-9E20-06B3582EDDB5}.Debug|Any CPU.ActiveCfg = Debug|Any CPU
		{8D746CF9-2158-4B73-9E20-06B3582EDDB5}.Debug|Any CPU.Build.0 = Debug|Any CPU
		{8D746CF9-2158-4B73-9E20-06B3582EDDB5}.Release|Any CPU.ActiveCfg = Release|Any CPU
		{8D746CF9-2158-4B73-9E20-06B3582EDDB5}.Release|Any CPU.Build.0 = Release|Any CPU
	EndGlobalSection
	GlobalSection(SolutionProperties) = preSolution
		HideSolutionNode = FALSE
	EndGlobalSection
	GlobalSection(ExtensibilityGlobals) = postSolution
		SolutionGuid = {59CEAB9B-104C-4B51-A789-C3F6293875B1}
	EndGlobalSection
EndGlobal
