
Microsoft Visual Studio Solution File, Format Version 12.00
# Visual Studio Version 17
VisualStudioVersion = 17.6.33829.357
MinimumVisualStudioVersion = 10.0.40219.1
Project("{FAE04EC0-301F-11D3-BF4B-00C04F79EFBC}") = "Challenge10_stack_and_queue", "Challenge10_stack_and_queue\Challenge10_stack_and_queue.csproj", "{40181C95-22E3-41B5-A542-CA93609EB242}"
EndProject
Global
	GlobalSection(SolutionConfigurationPlatforms) = preSolution
		Debug|Any CPU = Debug|Any CPU
		Release|Any CPU = Release|Any CPU
	EndGlobalSection
	GlobalSection(ProjectConfigurationPlatforms) = postSolution
		{40181C95-22E3-41B5-A542-CA93609EB242}.Debug|Any CPU.ActiveCfg = Debug|Any CPU
		{40181C95-22E3-41B5-A542-CA93609EB242}.Debug|Any CPU.Build.0 = Debug|Any CPU
		{40181C95-22E3-41B5-A542-CA93609EB242}.Release|Any CPU.ActiveCfg = Release|Any CPU
		{40181C95-22E3-41B5-A542-CA93609EB242}.Release|Any CPU.Build.0 = Release|Any CPU
	EndGlobalSection
	GlobalSection(SolutionProperties) = preSolution
		HideSolutionNode = FALSE
	EndGlobalSection
	GlobalSection(ExtensibilityGlobals) = postSolution
		SolutionGuid = {EC79B066-3F27-4AB2-B815-D87C6FFA5EAB}
	EndGlobalSection
EndGlobal
