
Microsoft Visual Studio Solution File, Format Version 12.00
# Visual Studio Version 17
VisualStudioVersion = 17.7.34031.279
MinimumVisualStudioVersion = 10.0.40219.1
Project("{FAE04EC0-301F-11D3-BF4B-00C04F79EFBC}") = "graph-depth-first", "graph-depth-first\graph-depth-first.csproj", "{CFAF9A1C-D9FC-4681-A605-DA67503F0CB0}"
EndProject
Project("{FAE04EC0-301F-11D3-BF4B-00C04F79EFBC}") = "GraphDepthFirstTests", "GraphDepthFirstTests\GraphDepthFirstTests.csproj", "{4F12DC85-3206-461E-8617-81DC97AED23D}"
EndProject
Global
	GlobalSection(SolutionConfigurationPlatforms) = preSolution
		Debug|Any CPU = Debug|Any CPU
		Release|Any CPU = Release|Any CPU
	EndGlobalSection
	GlobalSection(ProjectConfigurationPlatforms) = postSolution
		{CFAF9A1C-D9FC-4681-A605-DA67503F0CB0}.Debug|Any CPU.ActiveCfg = Debug|Any CPU
		{CFAF9A1C-D9FC-4681-A605-DA67503F0CB0}.Debug|Any CPU.Build.0 = Debug|Any CPU
		{CFAF9A1C-D9FC-4681-A605-DA67503F0CB0}.Release|Any CPU.ActiveCfg = Release|Any CPU
		{CFAF9A1C-D9FC-4681-A605-DA67503F0CB0}.Release|Any CPU.Build.0 = Release|Any CPU
		{4F12DC85-3206-461E-8617-81DC97AED23D}.Debug|Any CPU.ActiveCfg = Debug|Any CPU
		{4F12DC85-3206-461E-8617-81DC97AED23D}.Debug|Any CPU.Build.0 = Debug|Any CPU
		{4F12DC85-3206-461E-8617-81DC97AED23D}.Release|Any CPU.ActiveCfg = Release|Any CPU
		{4F12DC85-3206-461E-8617-81DC97AED23D}.Release|Any CPU.Build.0 = Release|Any CPU
	EndGlobalSection
	GlobalSection(SolutionProperties) = preSolution
		HideSolutionNode = FALSE
	EndGlobalSection
	GlobalSection(ExtensibilityGlobals) = postSolution
		SolutionGuid = {69F17109-49C4-47F2-899C-6F79035C492F}
	EndGlobalSection
EndGlobal
