
Microsoft Visual Studio Solution File, Format Version 12.00
# Visual Studio Version 17
VisualStudioVersion = 17.6.33801.468
MinimumVisualStudioVersion = 10.0.40219.1
Project("{9A19103F-16F7-4668-BE54-9A1E7A4F7556}") = "linked-list-kth", "linked-list-kth\linked-list-kth.csproj", "{764FEAFA-77EE-4B4E-AA12-71B4357FF45E}"
EndProject
Project("{FAE04EC0-301F-11D3-BF4B-00C04F79EFBC}") = "Linked_List_Kth_Test", "Linked_List_Kth_Test\Linked_List_Kth_Test.csproj", "{B3AE1500-D537-43C7-987F-722C4EFDF12E}"
EndProject
Global
	GlobalSection(SolutionConfigurationPlatforms) = preSolution
		Debug|Any CPU = Debug|Any CPU
		Release|Any CPU = Release|Any CPU
	EndGlobalSection
	GlobalSection(ProjectConfigurationPlatforms) = postSolution
		{764FEAFA-77EE-4B4E-AA12-71B4357FF45E}.Debug|Any CPU.ActiveCfg = Debug|Any CPU
		{764FEAFA-77EE-4B4E-AA12-71B4357FF45E}.Debug|Any CPU.Build.0 = Debug|Any CPU
		{764FEAFA-77EE-4B4E-AA12-71B4357FF45E}.Release|Any CPU.ActiveCfg = Release|Any CPU
		{764FEAFA-77EE-4B4E-AA12-71B4357FF45E}.Release|Any CPU.Build.0 = Release|Any CPU
		{B3AE1500-D537-43C7-987F-722C4EFDF12E}.Debug|Any CPU.ActiveCfg = Debug|Any CPU
		{B3AE1500-D537-43C7-987F-722C4EFDF12E}.Debug|Any CPU.Build.0 = Debug|Any CPU
		{B3AE1500-D537-43C7-987F-722C4EFDF12E}.Release|Any CPU.ActiveCfg = Release|Any CPU
		{B3AE1500-D537-43C7-987F-722C4EFDF12E}.Release|Any CPU.Build.0 = Release|Any CPU
	EndGlobalSection
	GlobalSection(SolutionProperties) = preSolution
		HideSolutionNode = FALSE
	EndGlobalSection
	GlobalSection(ExtensibilityGlobals) = postSolution
		SolutionGuid = {0D2BE52D-0E1D-40B6-AE9A-61D500AAE356}
	EndGlobalSection
EndGlobal
