
Microsoft Visual Studio Solution File, Format Version 12.00
# Visual Studio Version 17
VisualStudioVersion = 17.7.34031.279
MinimumVisualStudioVersion = 10.0.40219.1
Project("{FAE04EC0-301F-11D3-BF4B-00C04F79EFBC}") = "graph-breadth-first", "graph-breadth-first\graph-breadth-first.csproj", "{7189D86E-C5D6-4900-A998-A3D513925CD6}"
EndProject
Project("{FAE04EC0-301F-11D3-BF4B-00C04F79EFBC}") = "GraphTests", "GraphTests\GraphTests.csproj", "{71518148-7875-4AD7-A859-00A5DA967974}"
EndProject
Global
	GlobalSection(SolutionConfigurationPlatforms) = preSolution
		Debug|Any CPU = Debug|Any CPU
		Release|Any CPU = Release|Any CPU
	EndGlobalSection
	GlobalSection(ProjectConfigurationPlatforms) = postSolution
		{7189D86E-C5D6-4900-A998-A3D513925CD6}.Debug|Any CPU.ActiveCfg = Debug|Any CPU
		{7189D86E-C5D6-4900-A998-A3D513925CD6}.Debug|Any CPU.Build.0 = Debug|Any CPU
		{7189D86E-C5D6-4900-A998-A3D513925CD6}.Release|Any CPU.ActiveCfg = Release|Any CPU
		{7189D86E-C5D6-4900-A998-A3D513925CD6}.Release|Any CPU.Build.0 = Release|Any CPU
		{71518148-7875-4AD7-A859-00A5DA967974}.Debug|Any CPU.ActiveCfg = Debug|Any CPU
		{71518148-7875-4AD7-A859-00A5DA967974}.Debug|Any CPU.Build.0 = Debug|Any CPU
		{71518148-7875-4AD7-A859-00A5DA967974}.Release|Any CPU.ActiveCfg = Release|Any CPU
		{71518148-7875-4AD7-A859-00A5DA967974}.Release|Any CPU.Build.0 = Release|Any CPU
	EndGlobalSection
	GlobalSection(SolutionProperties) = preSolution
		HideSolutionNode = FALSE
	EndGlobalSection
	GlobalSection(ExtensibilityGlobals) = postSolution
		SolutionGuid = {FD15507C-3BA9-495C-BB8F-49CD843B65D1}
	EndGlobalSection
EndGlobal
